
Microsoft Visual Studio Solution File, Format Version 12.00
# Visual Studio Version 16
VisualStudioVersion = 16.0.29025.244
MinimumVisualStudioVersion = 10.0.40219.1
Project("{FAE04EC0-301F-11D3-BF4B-00C04F79EFBC}") = "Activity1.3", "Activity3\Activity1.3.csproj", "{F9499957-196D-450E-855F-F320188DD9A1}"
EndProject
Global
	GlobalSection(SolutionConfigurationPlatforms) = preSolution
		Debug|Any CPU = Debug|Any CPU
		Release|Any CPU = Release|Any CPU
	EndGlobalSection
	GlobalSection(ProjectConfigurationPlatforms) = postSolution
		{F9499957-196D-450E-855F-F320188DD9A1}.Debug|Any CPU.ActiveCfg = Debug|Any CPU
		{F9499957-196D-450E-855F-F320188DD9A1}.Debug|Any CPU.Build.0 = Debug|Any CPU
		{F9499957-196D-450E-855F-F320188DD9A1}.Release|Any CPU.ActiveCfg = Release|Any CPU
		{F9499957-196D-450E-855F-F320188DD9A1}.Release|Any CPU.Build.0 = Release|Any CPU
	EndGlobalSection
	GlobalSection(SolutionProperties) = preSolution
		HideSolutionNode = FALSE
	EndGlobalSection
	GlobalSection(ExtensibilityGlobals) = postSolution
		SolutionGuid = {D855CDB3-C445-44E2-A77D-D4A033ABC6DE}
	EndGlobalSection
EndGlobal
